<?xml version="1.0" encoding="utf-8"?>
<Project ToolsVersion="4.0" xmlns="http://schemas.microsoft.com/developer/msbuild/2003">
  <ItemGroup>
    <ClCompile Include="AnimatedSprite.cpp" />
    <ClCompile Include="BrickBlock.cpp" />
    <ClCompile Include="Coin.cpp" />
    <ClCompile Include="CoinEffect.cpp" />
    <ClCompile Include="Entity.cpp" />
    <ClCompile Include="EntityManager.cpp" />
    <ClCompile Include="Flag.cpp" />
    <ClCompile Include="Flagpole.cpp" />
    <ClCompile Include="game.cpp" />
    <ClCompile Include="GameMenuState.cpp" />
    <ClCompile Include="GamePlayingState.cpp" />
    <ClCompile Include="Goomba.cpp" />
    <ClCompile Include="InputManager.cpp" />
    <ClCompile Include="Mushroom.cpp" />
    <ClCompile Include="MysteryCube.cpp" />
    <ClCompile Include="Player.cpp" />
    <ClCompile Include="Level.cpp" />
    <ClCompile Include="SoundManager.cpp" />
    <ClCompile Include="Stats.cpp" />
    <ClCompile Include="surface.cpp" />
    <ClCompile Include="template.cpp" />
    <ClCompile Include="TextureManager.cpp" />
    <ClCompile Include="TileManager.cpp" />
    <ClCompile Include="TileNode.cpp" />
    <ClCompile Include="TileSurface.cpp" />
    <ClCompile Include="Trigger.cpp" />
    <ClCompile Include="TriggerEnterCastle.cpp" />
    <ClCompile Include="TriggerManager.cpp" />
    <ClCompile Include="TriggerTube.cpp" />
    <ClCompile Include="UserInterface.cpp" />
    <ClCompile Include="World.cpp" />
    <ClCompile Include="KoopaTroopa.cpp" />
    <ClCompile Include="BeanStalkCube.cpp" />
    <ClCompile Include="BeanStalkPart.cpp" />
    <ClCompile Include="TriggerWarp.cpp" />
    <ClCompile Include="InvisibleWall.cpp" />
    <ClCompile Include="Cloud.cpp" />
    <ClCompile Include="Vector2.cpp" />
    <ClCompile Include="GuiButton.cpp" />
    <ClCompile Include="Star.cpp" />
  </ItemGroup>
  <ItemGroup>
    <ClInclude Include="AnimatedSprite.h" />
    <ClInclude Include="BrickBlock.h" />
    <ClInclude Include="Coin.h" />
    <ClInclude Include="CoinEffect.h" />
    <ClInclude Include="Entity.h" />
    <ClInclude Include="EntityManager.h" />
    <ClInclude Include="Flag.h" />
    <ClInclude Include="Flagpole.h" />
    <ClInclude Include="game.h" />
    <ClInclude Include="GameMenuState.h" />
    <ClInclude Include="GamePlayingState.h" />
    <ClInclude Include="Goomba.h" />
    <ClInclude Include="includes.h" />
    <ClInclude Include="InputManager.h" />
    <ClInclude Include="Mushroom.h" />
    <ClInclude Include="MysteryCube.h" />
    <ClInclude Include="Player.h" />
    <ClInclude Include="Level.h" />
    <ClInclude Include="SoundManager.h" />
    <ClInclude Include="State.h" />
    <ClInclude Include="Stats.h" />
    <ClInclude Include="surface.h" />
    <ClInclude Include="template.h" />
    <ClInclude Include="TextureManager.h" />
    <ClInclude Include="TileManager.h" />
    <ClInclude Include="TileNode.h" />
    <ClInclude Include="TileSurface.h" />
    <ClInclude Include="Trigger.h" />
    <ClInclude Include="TriggerEnterCastle.h" />
    <ClInclude Include="TriggerManager.h" />
    <ClInclude Include="TriggerTube.h" />
    <ClInclude Include="UserInterface.h" />
    <ClInclude Include="Vector2.h" />
    <ClInclude Include="World.h" />
    <ClInclude Include="Bounceable.h" />
    <ClInclude Include="Smashable.h" />
    <ClInclude Include="KoopaTroopa.h" />
    <ClInclude Include="BeanStalkCube.h" />
    <ClInclude Include="BeanStalkPart.h" />
    <ClInclude Include="TriggerWarp.h" />
    <ClInclude Include="InvisibleWall.h" />
    <ClInclude Include="Cloud.h" />
    <ClInclude Include="GuiButton.h" />
    <ClInclude Include="Star.h" />
  </ItemGroup>
</Project>